# This file is generated by running "yarn install" inside your project.
# Manual changes might be lost - proceed with caution!

__metadata:
  version: 6

"@chinello-playground/backend@workspace:^, @chinello-playground/backend@workspace:apps/backend":
  version: 0.0.0-use.local
  resolution: "@chinello-playground/backend@workspace:apps/backend"
  languageName: unknown
  linkType: soft

"@chinello-playground/next-app@workspace:apps/next-app":
  version: 0.0.0-use.local
  resolution: "@chinello-playground/next-app@workspace:apps/next-app"
  dependencies:
    "@chinello-playground/backend": "workspace:^"
  languageName: unknown
  linkType: soft

"actions-playground@workspace:.":
  version: 0.0.0-use.local
  resolution: "actions-playground@workspace:."
  languageName: unknown
  linkType: soft
